
Microsoft Visual Studio Solution File, Format Version 12.00
# Visual Studio 15
Project("{FAE04EC0-301F-11D3-BF4B-00C04F79EFBC}") = "Assembly-CSharp", "Assembly-CSharp.csproj", "{396ECB7E-2B7F-824A-D5ED-2D3CC935E2DC}"
EndProject
Global
	GlobalSection(SolutionConfigurationPlatforms) = preSolution
		Debug|Any CPU = Debug|Any CPU
		Release|Any CPU = Release|Any CPU
	EndGlobalSection
	GlobalSection(ProjectConfigurationPlatforms) = postSolution
		{396ECB7E-2B7F-824A-D5ED-2D3CC935E2DC}.Debug|Any CPU.ActiveCfg = Debug|Any CPU
		{396ECB7E-2B7F-824A-D5ED-2D3CC935E2DC}.Debug|Any CPU.Build.0 = Debug|Any CPU
		{396ECB7E-2B7F-824A-D5ED-2D3CC935E2DC}.Release|Any CPU.ActiveCfg = Release|Any CPU
		{396ECB7E-2B7F-824A-D5ED-2D3CC935E2DC}.Release|Any CPU.Build.0 = Release|Any CPU
	EndGlobalSection
	GlobalSection(SolutionProperties) = preSolution
		HideSolutionNode = FALSE
	EndGlobalSection
EndGlobal
