
Microsoft Visual Studio Solution File, Format Version 12.00
# Visual Studio 16
Project("{FAE04EC0-301F-11D3-BF4B-00C04F79EFBC}") = "Assembly-CSharp", "Assembly-CSharp.csproj", "{3D235BBC-7A35-37F4-30F7-470537C5BDDF}"
EndProject
Project("{FAE04EC0-301F-11D3-BF4B-00C04F79EFBC}") = "StylizedWaterForURP", "StylizedWaterForURP.csproj", "{74643216-BA62-87F7-BA1A-3DA5B08A6794}"
EndProject
Project("{FAE04EC0-301F-11D3-BF4B-00C04F79EFBC}") = "zz.TESTRUN", "zz.TESTRUN.csproj", "{680AB3F4-16AA-F832-05BA-F09F9256D753}"
EndProject
Project("{FAE04EC0-301F-11D3-BF4B-00C04F79EFBC}") = "StylizedWaterForURPEditor", "StylizedWaterForURPEditor.csproj", "{C5FBE834-356F-21EB-A98C-13EEB664AA6B}"
EndProject
Project("{FAE04EC0-301F-11D3-BF4B-00C04F79EFBC}") = "ConsoleTest", "..\..\..\TEST\ConsoleTest\ConsoleTest\ConsoleTest.csproj", "{2519990B-2F04-41EC-B73C-115924A55D94}"
EndProject
Global
	GlobalSection(SolutionConfigurationPlatforms) = preSolution
		Debug|Any CPU = Debug|Any CPU
		Release|Any CPU = Release|Any CPU
	EndGlobalSection
	GlobalSection(ProjectConfigurationPlatforms) = postSolution
		{3D235BBC-7A35-37F4-30F7-470537C5BDDF}.Debug|Any CPU.ActiveCfg = Debug|Any CPU
		{3D235BBC-7A35-37F4-30F7-470537C5BDDF}.Debug|Any CPU.Build.0 = Debug|Any CPU
		{3D235BBC-7A35-37F4-30F7-470537C5BDDF}.Release|Any CPU.ActiveCfg = Release|Any CPU
		{3D235BBC-7A35-37F4-30F7-470537C5BDDF}.Release|Any CPU.Build.0 = Release|Any CPU
		{74643216-BA62-87F7-BA1A-3DA5B08A6794}.Debug|Any CPU.ActiveCfg = Debug|Any CPU
		{74643216-BA62-87F7-BA1A-3DA5B08A6794}.Debug|Any CPU.Build.0 = Debug|Any CPU
		{74643216-BA62-87F7-BA1A-3DA5B08A6794}.Release|Any CPU.ActiveCfg = Release|Any CPU
		{74643216-BA62-87F7-BA1A-3DA5B08A6794}.Release|Any CPU.Build.0 = Release|Any CPU
		{680AB3F4-16AA-F832-05BA-F09F9256D753}.Debug|Any CPU.ActiveCfg = Debug|Any CPU
		{680AB3F4-16AA-F832-05BA-F09F9256D753}.Debug|Any CPU.Build.0 = Debug|Any CPU
		{680AB3F4-16AA-F832-05BA-F09F9256D753}.Release|Any CPU.ActiveCfg = Release|Any CPU
		{680AB3F4-16AA-F832-05BA-F09F9256D753}.Release|Any CPU.Build.0 = Release|Any CPU
		{C5FBE834-356F-21EB-A98C-13EEB664AA6B}.Debug|Any CPU.ActiveCfg = Debug|Any CPU
		{C5FBE834-356F-21EB-A98C-13EEB664AA6B}.Debug|Any CPU.Build.0 = Debug|Any CPU
		{C5FBE834-356F-21EB-A98C-13EEB664AA6B}.Release|Any CPU.ActiveCfg = Release|Any CPU
		{C5FBE834-356F-21EB-A98C-13EEB664AA6B}.Release|Any CPU.Build.0 = Release|Any CPU
		{2519990B-2F04-41EC-B73C-115924A55D94}.Debug|Any CPU.ActiveCfg = Debug|Any CPU
		{2519990B-2F04-41EC-B73C-115924A55D94}.Debug|Any CPU.Build.0 = Debug|Any CPU
		{2519990B-2F04-41EC-B73C-115924A55D94}.Release|Any CPU.ActiveCfg = Release|Any CPU
		{2519990B-2F04-41EC-B73C-115924A55D94}.Release|Any CPU.Build.0 = Release|Any CPU
	EndGlobalSection
	GlobalSection(SolutionProperties) = preSolution
		HideSolutionNode = FALSE
	EndGlobalSection
EndGlobal
